{
	"name": "lastfmapi",
	"version": "0.1.1",
	"lockfileVersion": 3,
	"requires": true,
	"packages": {
		"": {
			"name": "lastfmapi",
			"version": "0.1.1",
			"dependencies": {
				"lastfm": "github:zchwyng/lastfm-node"
			},
			"engines": {
				"node": ">=0.6.0"
			}
		},
		"node_modules/lastfm": {
			"version": "0.9.4",
			"resolved": "git+ssh://git@github.com/zchwyng/lastfm-node.git#b1afbc34748b0b3c4497775da2ad61774b758dcb",
			"license": "MIT",
			"dependencies": {
				"lodash": "^4.17.21"
			}
		},
		"node_modules/lodash": {
			"version": "4.17.21",
			"resolved": "https://registry.npmjs.org/lodash/-/lodash-4.17.21.tgz",
			"integrity": "sha512-v2kDEe57lecTulaDIuNTPy3Ry4gLGJ6Z1O3vE1krgXZNrsQ+LFTGHVxVjcXPs17LhbZVGedAJv8XZ1tvj5FvSg=="
		}
	}
}
